// !$*UTF8*$!
{
	archiveVersion = 1;
	classes = {
	};
	objectVersion = 48;
	objects = {

/* Begin PBXBuildFile section */
		C420C9291FC3F68A00743976 /* Assets.xcassets in Resources */ = {isa = PBXBuildFile; fileRef = C4875E691FC2B562001FA4FA /* Assets.xcassets */; };
		C428E69A1FD92FC100F8DAC3 /* UIView+animation.m in Sources */ = {isa = PBXBuildFile; fileRef = C428E6991FD92FC100F8DAC3 /* UIView+animation.m */; };
		C428E69B1FD92FC100F8DAC3 /* UIView+animation.m in Sources */ = {isa = PBXBuildFile; fileRef = C428E6991FD92FC100F8DAC3 /* UIView+animation.m */; };
		C42F91511FCD615F0007971C /* KLConst.m in Sources */ = {isa = PBXBuildFile; fileRef = C42F91501FCD615F0007971C /* KLConst.m */; };
		C42F91521FCD615F0007971C /* KLConst.m in Sources */ = {isa = PBXBuildFile; fileRef = C42F91501FCD615F0007971C /* KLConst.m */; };
		C430AABC1FC57B5500DAE495 /* KLTabBar.m in Sources */ = {isa = PBXBuildFile; fileRef = C430AABB1FC57B5500DAE495 /* KLTabBar.m */; };
		C430AABD1FC57B5500DAE495 /* KLTabBar.m in Sources */ = {isa = PBXBuildFile; fileRef = C430AABB1FC57B5500DAE495 /* KLTabBar.m */; };
		C430AAC11FC57FC000DAE495 /* UIView+frame.m in Sources */ = {isa = PBXBuildFile; fileRef = C430AAC01FC57FC000DAE495 /* UIView+frame.m */; };
		C430AAC21FC57FC000DAE495 /* UIView+frame.m in Sources */ = {isa = PBXBuildFile; fileRef = C430AAC01FC57FC000DAE495 /* UIView+frame.m */; };
		C46B08591FC42B5E00F031C7 /* EssenceDetailViewController.m in Sources */ = {isa = PBXBuildFile; fileRef = C46B08581FC42B5E00F031C7 /* EssenceDetailViewController.m */; };
		C47C9B2C1FC3CF400010F661 /* main.m in Sources */ = {isa = PBXBuildFile; fileRef = C4875E6F1FC2B562001FA4FA /* main.m */; };
		C47C9B2E1FC3D12D0010F661 /* AppDelegate.m in Sources */ = {isa = PBXBuildFile; fileRef = C4875E4F1FC2A4E4001FA4FA /* AppDelegate.m */; };
		C47C9B331FC3D3310010F661 /* LaunchScreen.storyboard in Resources */ = {isa = PBXBuildFile; fileRef = C47C9B2F1FC3D3310010F661 /* LaunchScreen.storyboard */; };
		C47C9B341FC3D3310010F661 /* Main.storyboard in Resources */ = {isa = PBXBuildFile; fileRef = C47C9B311FC3D3310010F661 /* Main.storyboard */; };
		C4875E831FC2B603001FA4FA /* EssenceViewController.m in Sources */ = {isa = PBXBuildFile; fileRef = C4875E821FC2B603001FA4FA /* EssenceViewController.m */; };
		C4875E861FC2B714001FA4FA /* NewViewController.m in Sources */ = {isa = PBXBuildFile; fileRef = C4875E851FC2B714001FA4FA /* NewViewController.m */; };
		C4875E891FC2B726001FA4FA /* PublishViewController.m in Sources */ = {isa = PBXBuildFile; fileRef = C4875E881FC2B726001FA4FA /* PublishViewController.m */; };
		C4875E8C1FC2B770001FA4FA /* FrendTrendViewController.m in Sources */ = {isa = PBXBuildFile; fileRef = C4875E8B1FC2B770001FA4FA /* FrendTrendViewController.m */; };
		C4875E8F1FC2B77E001FA4FA /* MeViewController.m in Sources */ = {isa = PBXBuildFile; fileRef = C4875E8E1FC2B77E001FA4FA /* MeViewController.m */; };
		C4875E941FC2B8B5001FA4FA /* KLNavigationViewController.m in Sources */ = {isa = PBXBuildFile; fileRef = C4875E931FC2B8B5001FA4FA /* KLNavigationViewController.m */; };
		C4875E971FC2B926001FA4FA /* KLTabBarController.m in Sources */ = {isa = PBXBuildFile; fileRef = C4875E961FC2B926001FA4FA /* KLTabBarController.m */; };
		C4A1BF791FCFFD3F00C8DAE0 /* KLAllViewController.m in Sources */ = {isa = PBXBuildFile; fileRef = C4A1BF6C1FCFFD3F00C8DAE0 /* KLAllViewController.m */; };
		C4A1BF7A1FCFFD3F00C8DAE0 /* KLAllViewController.m in Sources */ = {isa = PBXBuildFile; fileRef = C4A1BF6C1FCFFD3F00C8DAE0 /* KLAllViewController.m */; };
		C4A1BF7B1FCFFD3F00C8DAE0 /* KLPictureViewController.m in Sources */ = {isa = PBXBuildFile; fileRef = C4A1BF6E1FCFFD3F00C8DAE0 /* KLPictureViewController.m */; };
		C4A1BF7C1FCFFD3F00C8DAE0 /* KLPictureViewController.m in Sources */ = {isa = PBXBuildFile; fileRef = C4A1BF6E1FCFFD3F00C8DAE0 /* KLPictureViewController.m */; };
		C4A1BF7D1FCFFD3F00C8DAE0 /* KLTopicViewController.m in Sources */ = {isa = PBXBuildFile; fileRef = C4A1BF701FCFFD3F00C8DAE0 /* KLTopicViewController.m */; };
		C4A1BF7E1FCFFD3F00C8DAE0 /* KLTopicViewController.m in Sources */ = {isa = PBXBuildFile; fileRef = C4A1BF701FCFFD3F00C8DAE0 /* KLTopicViewController.m */; };
		C4A1BF7F1FCFFD3F00C8DAE0 /* KLVideoViewController.m in Sources */ = {isa = PBXBuildFile; fileRef = C4A1BF721FCFFD3F00C8DAE0 /* KLVideoViewController.m */; };
		C4A1BF801FCFFD3F00C8DAE0 /* KLVideoViewController.m in Sources */ = {isa = PBXBuildFile; fileRef = C4A1BF721FCFFD3F00C8DAE0 /* KLVideoViewController.m */; };
		C4A1BF811FCFFD3F00C8DAE0 /* KLVoiceViewController.m in Sources */ = {isa = PBXBuildFile; fileRef = C4A1BF741FCFFD3F00C8DAE0 /* KLVoiceViewController.m */; };
		C4A1BF821FCFFD3F00C8DAE0 /* KLVoiceViewController.m in Sources */ = {isa = PBXBuildFile; fileRef = C4A1BF741FCFFD3F00C8DAE0 /* KLVoiceViewController.m */; };
		C4A1BF831FCFFD3F00C8DAE0 /* KLWordViewController.m in Sources */ = {isa = PBXBuildFile; fileRef = C4A1BF761FCFFD3F00C8DAE0 /* KLWordViewController.m */; };
		C4A1BF841FCFFD3F00C8DAE0 /* KLWordViewController.m in Sources */ = {isa = PBXBuildFile; fileRef = C4A1BF761FCFFD3F00C8DAE0 /* KLWordViewController.m */; };
		C4A1BF871FCFFD8700C8DAE0 /* KLOnlyTextTableViewCell.m in Sources */ = {isa = PBXBuildFile; fileRef = C4A1BF861FCFFD8700C8DAE0 /* KLOnlyTextTableViewCell.m */; };
		C4A1BF881FCFFD8700C8DAE0 /* KLOnlyTextTableViewCell.m in Sources */ = {isa = PBXBuildFile; fileRef = C4A1BF861FCFFD8700C8DAE0 /* KLOnlyTextTableViewCell.m */; };
		C4B9CFDE1FDE8098003433BF /* UIScrollView+category.m in Sources */ = {isa = PBXBuildFile; fileRef = C4B9CFDD1FDE8098003433BF /* UIScrollView+category.m */; };
		C4B9CFDF1FDE8098003433BF /* UIScrollView+category.m in Sources */ = {isa = PBXBuildFile; fileRef = C4B9CFDD1FDE8098003433BF /* UIScrollView+category.m */; };
		C4B9CFE21FDE82BA003433BF /* UIBarButtonItem+item.m in Sources */ = {isa = PBXBuildFile; fileRef = C4B9CFE11FDE82BA003433BF /* UIBarButtonItem+item.m */; };
		C4B9CFE31FDE82BA003433BF /* UIBarButtonItem+item.m in Sources */ = {isa = PBXBuildFile; fileRef = C4B9CFE11FDE82BA003433BF /* UIBarButtonItem+item.m */; };
		C4E027A31FDA6DE80055557E /* TopicBarView.m in Sources */ = {isa = PBXBuildFile; fileRef = C4E027A21FDA6DE80055557E /* TopicBarView.m */; };
		C4E027A41FDA6DE80055557E /* TopicBarView.m in Sources */ = {isa = PBXBuildFile; fileRef = C4E027A21FDA6DE80055557E /* TopicBarView.m */; };
		C4E027A71FDA6E130055557E /* TopicChildView.m in Sources */ = {isa = PBXBuildFile; fileRef = C4E027A61FDA6E130055557E /* TopicChildView.m */; };
		C4E027A81FDA6E130055557E /* TopicChildView.m in Sources */ = {isa = PBXBuildFile; fileRef = C4E027A61FDA6E130055557E /* TopicChildView.m */; };
		C4E027AA1FDA72060055557E /* EssenceViewController.xib in Resources */ = {isa = PBXBuildFile; fileRef = C4E027A91FDA72060055557E /* EssenceViewController.xib */; };
		C4E027AB1FDA72060055557E /* EssenceViewController.xib in Resources */ = {isa = PBXBuildFile; fileRef = C4E027A91FDA72060055557E /* EssenceViewController.xib */; };
		C4F3C1091FC5580000779778 /* EssenceDetailViewController.m in Sources */ = {isa = PBXBuildFile; fileRef = C46B08581FC42B5E00F031C7 /* EssenceDetailViewController.m */; };
		C4F3C10A1FC5580000779778 /* AppDelegate.m in Sources */ = {isa = PBXBuildFile; fileRef = C4875E4F1FC2A4E4001FA4FA /* AppDelegate.m */; };
		C4F3C10B1FC5580000779778 /* main.m in Sources */ = {isa = PBXBuildFile; fileRef = C4875E6F1FC2B562001FA4FA /* main.m */; };
		C4F3C10C1FC5580000779778 /* MeViewController.m in Sources */ = {isa = PBXBuildFile; fileRef = C4875E8E1FC2B77E001FA4FA /* MeViewController.m */; };
		C4F3C10D1FC5580000779778 /* FrendTrendViewController.m in Sources */ = {isa = PBXBuildFile; fileRef = C4875E8B1FC2B770001FA4FA /* FrendTrendViewController.m */; };
		C4F3C10E1FC5580000779778 /* PublishViewController.m in Sources */ = {isa = PBXBuildFile; fileRef = C4875E881FC2B726001FA4FA /* PublishViewController.m */; };
		C4F3C1101FC5580000779778 /* NewViewController.m in Sources */ = {isa = PBXBuildFile; fileRef = C4875E851FC2B714001FA4FA /* NewViewController.m */; };
		C4F3C1111FC5580000779778 /* KLNavigationViewController.m in Sources */ = {isa = PBXBuildFile; fileRef = C4875E931FC2B8B5001FA4FA /* KLNavigationViewController.m */; };
		C4F3C1121FC5580000779778 /* KLTabBarController.m in Sources */ = {isa = PBXBuildFile; fileRef = C4875E961FC2B926001FA4FA /* KLTabBarController.m */; };
		C4F3C1131FC5580000779778 /* EssenceViewController.m in Sources */ = {isa = PBXBuildFile; fileRef = C4875E821FC2B603001FA4FA /* EssenceViewController.m */; };
		C4F3C1161FC5580000779778 /* LaunchScreen.storyboard in Resources */ = {isa = PBXBuildFile; fileRef = C47C9B2F1FC3D3310010F661 /* LaunchScreen.storyboard */; };
		C4F3C1171FC5580000779778 /* Assets.xcassets in Resources */ = {isa = PBXBuildFile; fileRef = C4875E691FC2B562001FA4FA /* Assets.xcassets */; };
		C4F3C1181FC5580000779778 /* Main.storyboard in Resources */ = {isa = PBXBuildFile; fileRef = C47C9B311FC3D3310010F661 /* Main.storyboard */; };
/* End PBXBuildFile section */

/* Begin PBXFileReference section */
		C428E6981FD92FC100F8DAC3 /* UIView+animation.h */ = {isa = PBXFileReference; lastKnownFileType = sourcecode.c.h; path = "UIView+animation.h"; sourceTree = "<group>"; };
		C428E6991FD92FC100F8DAC3 /* UIView+animation.m */ = {isa = PBXFileReference; lastKnownFileType = sourcecode.c.objc; path = "UIView+animation.m"; sourceTree = "<group>"; };
		C42F914F1FCD615F0007971C /* KLConst.h */ = {isa = PBXFileReference; fileEncoding = 4; lastKnownFileType = sourcecode.c.h; path = KLConst.h; sourceTree = "<group>"; };
		C42F91501FCD615F0007971C /* KLConst.m */ = {isa = PBXFileReference; fileEncoding = 4; lastKnownFileType = sourcecode.c.objc; path = KLConst.m; sourceTree = "<group>"; };
		C430AABA1FC57B5500DAE495 /* KLTabBar.h */ = {isa = PBXFileReference; fileEncoding = 4; lastKnownFileType = sourcecode.c.h; path = KLTabBar.h; sourceTree = "<group>"; };
		C430AABB1FC57B5500DAE495 /* KLTabBar.m */ = {isa = PBXFileReference; fileEncoding = 4; lastKnownFileType = sourcecode.c.objc; path = KLTabBar.m; sourceTree = "<group>"; };
		C430AABF1FC57FC000DAE495 /* UIView+frame.h */ = {isa = PBXFileReference; fileEncoding = 4; lastKnownFileType = sourcecode.c.h; path = "UIView+frame.h"; sourceTree = "<group>"; };
		C430AAC01FC57FC000DAE495 /* UIView+frame.m */ = {isa = PBXFileReference; fileEncoding = 4; lastKnownFileType = sourcecode.c.objc; path = "UIView+frame.m"; sourceTree = "<group>"; };
		C46B08571FC42B5E00F031C7 /* EssenceDetailViewController.h */ = {isa = PBXFileReference; fileEncoding = 4; lastKnownFileType = sourcecode.c.h; path = EssenceDetailViewController.h; sourceTree = "<group>"; };
		C46B08581FC42B5E00F031C7 /* EssenceDetailViewController.m */ = {isa = PBXFileReference; fileEncoding = 4; lastKnownFileType = sourcecode.c.objc; path = EssenceDetailViewController.m; sourceTree = "<group>"; };
		C47550761FC583D90066DB19 /* PrefixHeader.pch */ = {isa = PBXFileReference; fileEncoding = 4; lastKnownFileType = sourcecode.c.h; path = PrefixHeader.pch; sourceTree = "<group>"; };
		C47C9B301FC3D3310010F661 /* Base */ = {isa = PBXFileReference; lastKnownFileType = file.storyboard; name = Base; path = Base.lproj/LaunchScreen.storyboard; sourceTree = "<group>"; };
		C47C9B321FC3D3310010F661 /* Base */ = {isa = PBXFileReference; lastKnownFileType = file.storyboard; name = Base; path = Base.lproj/Main.storyboard; sourceTree = "<group>"; };
		C4875E4B1FC2A4E4001FA4FA /* 资讯类展示界面.app */ = {isa = PBXFileReference; explicitFileType = wrapper.application; includeInIndex = 0; path = "资讯类展示界面.app"; sourceTree = BUILT_PRODUCTS_DIR; };
		C4875E4E1FC2A4E4001FA4FA /* AppDelegate.h */ = {isa = PBXFileReference; lastKnownFileType = sourcecode.c.h; path = AppDelegate.h; sourceTree = "<group>"; };
		C4875E4F1FC2A4E4001FA4FA /* AppDelegate.m */ = {isa = PBXFileReference; lastKnownFileType = sourcecode.c.objc; path = AppDelegate.m; sourceTree = "<group>"; };
		C4875E691FC2B562001FA4FA /* Assets.xcassets */ = {isa = PBXFileReference; lastKnownFileType = folder.assetcatalog; path = Assets.xcassets; sourceTree = "<group>"; };
		C4875E6E1FC2B562001FA4FA /* Info.plist */ = {isa = PBXFileReference; lastKnownFileType = text.plist.xml; path = Info.plist; sourceTree = "<group>"; };
		C4875E6F1FC2B562001FA4FA /* main.m */ = {isa = PBXFileReference; lastKnownFileType = sourcecode.c.objc; path = main.m; sourceTree = "<group>"; };
		C4875E811FC2B603001FA4FA /* EssenceViewController.h */ = {isa = PBXFileReference; lastKnownFileType = sourcecode.c.h; path = EssenceViewController.h; sourceTree = "<group>"; };
		C4875E821FC2B603001FA4FA /* EssenceViewController.m */ = {isa = PBXFileReference; lastKnownFileType = sourcecode.c.objc; path = EssenceViewController.m; sourceTree = "<group>"; };
		C4875E841FC2B714001FA4FA /* NewViewController.h */ = {isa = PBXFileReference; lastKnownFileType = sourcecode.c.h; path = NewViewController.h; sourceTree = "<group>"; };
		C4875E851FC2B714001FA4FA /* NewViewController.m */ = {isa = PBXFileReference; lastKnownFileType = sourcecode.c.objc; path = NewViewController.m; sourceTree = "<group>"; };
		C4875E871FC2B726001FA4FA /* PublishViewController.h */ = {isa = PBXFileReference; lastKnownFileType = sourcecode.c.h; path = PublishViewController.h; sourceTree = "<group>"; };
		C4875E881FC2B726001FA4FA /* PublishViewController.m */ = {isa = PBXFileReference; lastKnownFileType = sourcecode.c.objc; path = PublishViewController.m; sourceTree = "<group>"; };
		C4875E8A1FC2B770001FA4FA /* FrendTrendViewController.h */ = {isa = PBXFileReference; lastKnownFileType = sourcecode.c.h; path = FrendTrendViewController.h; sourceTree = "<group>"; };
		C4875E8B1FC2B770001FA4FA /* FrendTrendViewController.m */ = {isa = PBXFileReference; lastKnownFileType = sourcecode.c.objc; path = FrendTrendViewController.m; sourceTree = "<group>"; };
		C4875E8D1FC2B77E001FA4FA /* MeViewController.h */ = {isa = PBXFileReference; lastKnownFileType = sourcecode.c.h; path = MeViewController.h; sourceTree = "<group>"; };
		C4875E8E1FC2B77E001FA4FA /* MeViewController.m */ = {isa = PBXFileReference; lastKnownFileType = sourcecode.c.objc; path = MeViewController.m; sourceTree = "<group>"; };
		C4875E921FC2B8B5001FA4FA /* KLNavigationViewController.h */ = {isa = PBXFileReference; lastKnownFileType = sourcecode.c.h; path = KLNavigationViewController.h; sourceTree = "<group>"; };
		C4875E931FC2B8B5001FA4FA /* KLNavigationViewController.m */ = {isa = PBXFileReference; lastKnownFileType = sourcecode.c.objc; path = KLNavigationViewController.m; sourceTree = "<group>"; };
		C4875E951FC2B926001FA4FA /* KLTabBarController.h */ = {isa = PBXFileReference; lastKnownFileType = sourcecode.c.h; path = KLTabBarController.h; sourceTree = "<group>"; };
		C4875E961FC2B926001FA4FA /* KLTabBarController.m */ = {isa = PBXFileReference; lastKnownFileType = sourcecode.c.objc; path = KLTabBarController.m; sourceTree = "<group>"; };
		C4A1BF6B1FCFFD3F00C8DAE0 /* KLAllViewController.h */ = {isa = PBXFileReference; fileEncoding = 4; lastKnownFileType = sourcecode.c.h; path = KLAllViewController.h; sourceTree = "<group>"; };
		C4A1BF6C1FCFFD3F00C8DAE0 /* KLAllViewController.m */ = {isa = PBXFileReference; fileEncoding = 4; lastKnownFileType = sourcecode.c.objc; path = KLAllViewController.m; sourceTree = "<group>"; };
		C4A1BF6D1FCFFD3F00C8DAE0 /* KLPictureViewController.h */ = {isa = PBXFileReference; fileEncoding = 4; lastKnownFileType = sourcecode.c.h; path = KLPictureViewController.h; sourceTree = "<group>"; };
		C4A1BF6E1FCFFD3F00C8DAE0 /* KLPictureViewController.m */ = {isa = PBXFileReference; fileEncoding = 4; lastKnownFileType = sourcecode.c.objc; path = KLPictureViewController.m; sourceTree = "<group>"; };
		C4A1BF6F1FCFFD3F00C8DAE0 /* KLTopicViewController.h */ = {isa = PBXFileReference; fileEncoding = 4; lastKnownFileType = sourcecode.c.h; path = KLTopicViewController.h; sourceTree = "<group>"; };
		C4A1BF701FCFFD3F00C8DAE0 /* KLTopicViewController.m */ = {isa = PBXFileReference; fileEncoding = 4; lastKnownFileType = sourcecode.c.objc; path = KLTopicViewController.m; sourceTree = "<group>"; };
		C4A1BF711FCFFD3F00C8DAE0 /* KLVideoViewController.h */ = {isa = PBXFileReference; fileEncoding = 4; lastKnownFileType = sourcecode.c.h; path = KLVideoViewController.h; sourceTree = "<group>"; };
		C4A1BF721FCFFD3F00C8DAE0 /* KLVideoViewController.m */ = {isa = PBXFileReference; fileEncoding = 4; lastKnownFileType = sourcecode.c.objc; path = KLVideoViewController.m; sourceTree = "<group>"; };
		C4A1BF731FCFFD3F00C8DAE0 /* KLVoiceViewController.h */ = {isa = PBXFileReference; fileEncoding = 4; lastKnownFileType = sourcecode.c.h; path = KLVoiceViewController.h; sourceTree = "<group>"; };
		C4A1BF741FCFFD3F00C8DAE0 /* KLVoiceViewController.m */ = {isa = PBXFileReference; fileEncoding = 4; lastKnownFileType = sourcecode.c.objc; path = KLVoiceViewController.m; sourceTree = "<group>"; };
		C4A1BF751FCFFD3F00C8DAE0 /* KLWordViewController.h */ = {isa = PBXFileReference; fileEncoding = 4; lastKnownFileType = sourcecode.c.h; path = KLWordViewController.h; sourceTree = "<group>"; };
		C4A1BF761FCFFD3F00C8DAE0 /* KLWordViewController.m */ = {isa = PBXFileReference; fileEncoding = 4; lastKnownFileType = sourcecode.c.objc; path = KLWordViewController.m; sourceTree = "<group>"; };
		C4A1BF851FCFFD8700C8DAE0 /* KLOnlyTextTableViewCell.h */ = {isa = PBXFileReference; fileEncoding = 4; lastKnownFileType = sourcecode.c.h; path = KLOnlyTextTableViewCell.h; sourceTree = "<group>"; };
		C4A1BF861FCFFD8700C8DAE0 /* KLOnlyTextTableViewCell.m */ = {isa = PBXFileReference; fileEncoding = 4; lastKnownFileType = sourcecode.c.objc; path = KLOnlyTextTableViewCell.m; sourceTree = "<group>"; };
		C4B9CFDC1FDE8098003433BF /* UIScrollView+category.h */ = {isa = PBXFileReference; lastKnownFileType = sourcecode.c.h; path = "UIScrollView+category.h"; sourceTree = "<group>"; };
		C4B9CFDD1FDE8098003433BF /* UIScrollView+category.m */ = {isa = PBXFileReference; lastKnownFileType = sourcecode.c.objc; path = "UIScrollView+category.m"; sourceTree = "<group>"; };
		C4B9CFE01FDE82BA003433BF /* UIBarButtonItem+item.h */ = {isa = PBXFileReference; lastKnownFileType = sourcecode.c.h; path = "UIBarButtonItem+item.h"; sourceTree = "<group>"; };
		C4B9CFE11FDE82BA003433BF /* UIBarButtonItem+item.m */ = {isa = PBXFileReference; lastKnownFileType = sourcecode.c.objc; path = "UIBarButtonItem+item.m"; sourceTree = "<group>"; };
		C4E027A11FDA6DE80055557E /* TopicBarView.h */ = {isa = PBXFileReference; lastKnownFileType = sourcecode.c.h; path = TopicBarView.h; sourceTree = "<group>"; };
		C4E027A21FDA6DE80055557E /* TopicBarView.m */ = {isa = PBXFileReference; lastKnownFileType = sourcecode.c.objc; path = TopicBarView.m; sourceTree = "<group>"; };
		C4E027A51FDA6E130055557E /* TopicChildView.h */ = {isa = PBXFileReference; lastKnownFileType = sourcecode.c.h; path = TopicChildView.h; sourceTree = "<group>"; };
		C4E027A61FDA6E130055557E /* TopicChildView.m */ = {isa = PBXFileReference; lastKnownFileType = sourcecode.c.objc; path = TopicChildView.m; sourceTree = "<group>"; };
		C4E027A91FDA72060055557E /* EssenceViewController.xib */ = {isa = PBXFileReference; lastKnownFileType = file.xib; path = EssenceViewController.xib; sourceTree = "<group>"; };
		C4F3C11C1FC5580000779778 /* PanPop2.app */ = {isa = PBXFileReference; explicitFileType = wrapper.application; includeInIndex = 0; path = PanPop2.app; sourceTree = BUILT_PRODUCTS_DIR; };
/* End PBXFileReference section */

/* Begin PBXFrameworksBuildPhase section */
		C4875E481FC2A4E4001FA4FA /* Frameworks */ = {
			isa = PBXFrameworksBuildPhase;
			buildActionMask = 2147483647;
			files = (
			);
			runOnlyForDeploymentPostprocessing = 0;
		};
		C4F3C1141FC5580000779778 /* Frameworks */ = {
			isa = PBXFrameworksBuildPhase;
			buildActionMask = 2147483647;
			files = (
			);
			runOnlyForDeploymentPostprocessing = 0;
		};
/* End PBXFrameworksBuildPhase section */

/* Begin PBXGroup section */
		C430AABE1FC57F8E00DAE495 /* Catogory */ = {
			isa = PBXGroup;
			children = (
				C430AABF1FC57FC000DAE495 /* UIView+frame.h */,
				C430AAC01FC57FC000DAE495 /* UIView+frame.m */,
				C428E6981FD92FC100F8DAC3 /* UIView+animation.h */,
				C428E6991FD92FC100F8DAC3 /* UIView+animation.m */,
				C4B9CFDC1FDE8098003433BF /* UIScrollView+category.h */,
				C4B9CFDD1FDE8098003433BF /* UIScrollView+category.m */,
				C4B9CFE01FDE82BA003433BF /* UIBarButtonItem+item.h */,
				C4B9CFE11FDE82BA003433BF /* UIBarButtonItem+item.m */,
			);
			path = Catogory;
			sourceTree = "<group>";
		};
		C4875E421FC2A4E4001FA4FA = {
			isa = PBXGroup;
			children = (
				C4875E4D1FC2A4E4001FA4FA /* 资讯类展示界面 */,
				C4875E4C1FC2A4E4001FA4FA /* Products */,
			);
			sourceTree = "<group>";
		};
		C4875E4C1FC2A4E4001FA4FA /* Products */ = {
			isa = PBXGroup;
			children = (
				C4875E4B1FC2A4E4001FA4FA /* 资讯类展示界面.app */,
				C4F3C11C1FC5580000779778 /* PanPop2.app */,
			);
			name = Products;
			sourceTree = "<group>";
		};
		C4875E4D1FC2A4E4001FA4FA /* 资讯类展示界面 */ = {
			isa = PBXGroup;
			children = (
				C4875E901FC2B888001FA4FA /* Base */,
				C4875E641FC2B562001FA4FA /* Essence */,
				C4875E7D1FC2B563001FA4FA /* New */,
				C4875E701FC2B562001FA4FA /* Publish */,
				C4875E741FC2B563001FA4FA /* FrendTrend */,
				C4875E781FC2B563001FA4FA /* Me */,
				C4875E681FC2B562001FA4FA /* Other */,
				C4875E7C1FC2B563001FA4FA /* Vender */,
				C4875E4E1FC2A4E4001FA4FA /* AppDelegate.h */,
				C4875E4F1FC2A4E4001FA4FA /* AppDelegate.m */,
			);
			path = "资讯类展示界面";
			sourceTree = "<group>";
		};
		C4875E641FC2B562001FA4FA /* Essence */ = {
			isa = PBXGroup;
			children = (
				C4875E651FC2B562001FA4FA /* Controller */,
				C4875E661FC2B562001FA4FA /* Model */,
				C4875E671FC2B562001FA4FA /* View */,
			);
			path = Essence;
			sourceTree = "<group>";
		};
		C4875E651FC2B562001FA4FA /* Controller */ = {
			isa = PBXGroup;
			children = (
				C4AB8D681FC66F4000CD6238 /* Topic */,
				C4875E811FC2B603001FA4FA /* EssenceViewController.h */,
				C4875E821FC2B603001FA4FA /* EssenceViewController.m */,
				C4E027A91FDA72060055557E /* EssenceViewController.xib */,
				C46B08571FC42B5E00F031C7 /* EssenceDetailViewController.h */,
				C46B08581FC42B5E00F031C7 /* EssenceDetailViewController.m */,
			);
			path = Controller;
			sourceTree = "<group>";
		};
		C4875E661FC2B562001FA4FA /* Model */ = {
			isa = PBXGroup;
			children = (
			);
			path = Model;
			sourceTree = "<group>";
		};
		C4875E671FC2B562001FA4FA /* View */ = {
			isa = PBXGroup;
			children = (
				C4E027A11FDA6DE80055557E /* TopicBarView.h */,
				C4E027A21FDA6DE80055557E /* TopicBarView.m */,
				C4E027A51FDA6E130055557E /* TopicChildView.h */,
				C4E027A61FDA6E130055557E /* TopicChildView.m */,
			);
			path = View;
			sourceTree = "<group>";
		};
		C4875E681FC2B562001FA4FA /* Other */ = {
			isa = PBXGroup;
			children = (
				C47C9B2F1FC3D3310010F661 /* LaunchScreen.storyboard */,
				C47C9B311FC3D3310010F661 /* Main.storyboard */,
				C4875E691FC2B562001FA4FA /* Assets.xcassets */,
				C4875E6E1FC2B562001FA4FA /* Info.plist */,
				C4875E6F1FC2B562001FA4FA /* main.m */,
				C47550761FC583D90066DB19 /* PrefixHeader.pch */,
				C42F914F1FCD615F0007971C /* KLConst.h */,
				C42F91501FCD615F0007971C /* KLConst.m */,
			);
			path = Other;
			sourceTree = "<group>";
		};
		C4875E701FC2B562001FA4FA /* Publish */ = {
			isa = PBXGroup;
			children = (
				C4875E711FC2B562001FA4FA /* Controller */,
				C4875E721FC2B562001FA4FA /* Model */,
				C4875E731FC2B562001FA4FA /* View */,
			);
			path = Publish;
			sourceTree = "<group>";
		};
		C4875E711FC2B562001FA4FA /* Controller */ = {
			isa = PBXGroup;
			children = (
				C4875E871FC2B726001FA4FA /* PublishViewController.h */,
				C4875E881FC2B726001FA4FA /* PublishViewController.m */,
			);
			path = Controller;
			sourceTree = "<group>";
		};
		C4875E721FC2B562001FA4FA /* Model */ = {
			isa = PBXGroup;
			children = (
			);
			path = Model;
			sourceTree = "<group>";
		};
		C4875E731FC2B562001FA4FA /* View */ = {
			isa = PBXGroup;
			children = (
			);
			path = View;
			sourceTree = "<group>";
		};
		C4875E741FC2B563001FA4FA /* FrendTrend */ = {
			isa = PBXGroup;
			children = (
				C4875E751FC2B563001FA4FA /* Controller */,
				C4875E761FC2B563001FA4FA /* Model */,
				C4875E771FC2B563001FA4FA /* View */,
			);
			path = FrendTrend;
			sourceTree = "<group>";
		};
		C4875E751FC2B563001FA4FA /* Controller */ = {
			isa = PBXGroup;
			children = (
				C4875E8A1FC2B770001FA4FA /* FrendTrendViewController.h */,
				C4875E8B1FC2B770001FA4FA /* FrendTrendViewController.m */,
			);
			path = Controller;
			sourceTree = "<group>";
		};
		C4875E761FC2B563001FA4FA /* Model */ = {
			isa = PBXGroup;
			children = (
			);
			path = Model;
			sourceTree = "<group>";
		};
		C4875E771FC2B563001FA4FA /* View */ = {
			isa = PBXGroup;
			children = (
			);
			path = View;
			sourceTree = "<group>";
		};
		C4875E781FC2B563001FA4FA /* Me */ = {
			isa = PBXGroup;
			children = (
				C4875E791FC2B563001FA4FA /* Controller */,
				C4875E7A1FC2B563001FA4FA /* Model */,
				C4875E7B1FC2B563001FA4FA /* View */,
			);
			path = Me;
			sourceTree = "<group>";
		};
		C4875E791FC2B563001FA4FA /* Controller */ = {
			isa = PBXGroup;
			children = (
				C4875E8D1FC2B77E001FA4FA /* MeViewController.h */,
				C4875E8E1FC2B77E001FA4FA /* MeViewController.m */,
			);
			path = Controller;
			sourceTree = "<group>";
		};
		C4875E7A1FC2B563001FA4FA /* Model */ = {
			isa = PBXGroup;
			children = (
			);
			path = Model;
			sourceTree = "<group>";
		};
		C4875E7B1FC2B563001FA4FA /* View */ = {
			isa = PBXGroup;
			children = (
			);
			path = View;
			sourceTree = "<group>";
		};
		C4875E7C1FC2B563001FA4FA /* Vender */ = {
			isa = PBXGroup;
			children = (
			);
			path = Vender;
			sourceTree = "<group>";
		};
		C4875E7D1FC2B563001FA4FA /* New */ = {
			isa = PBXGroup;
			children = (
				C4875E7E1FC2B563001FA4FA /* Controller */,
				C4875E7F1FC2B563001FA4FA /* Model */,
				C4875E801FC2B563001FA4FA /* View */,
			);
			path = New;
			sourceTree = "<group>";
		};
		C4875E7E1FC2B563001FA4FA /* Controller */ = {
			isa = PBXGroup;
			children = (
				C4875E841FC2B714001FA4FA /* NewViewController.h */,
				C4875E851FC2B714001FA4FA /* NewViewController.m */,
			);
			path = Controller;
			sourceTree = "<group>";
		};
		C4875E7F1FC2B563001FA4FA /* Model */ = {
			isa = PBXGroup;
			children = (
			);
			path = Model;
			sourceTree = "<group>";
		};
		C4875E801FC2B563001FA4FA /* View */ = {
			isa = PBXGroup;
			children = (
			);
			path = View;
			sourceTree = "<group>";
		};
		C4875E901FC2B888001FA4FA /* Base */ = {
			isa = PBXGroup;
			children = (
				C430AABE1FC57F8E00DAE495 /* Catogory */,
				C4875E911FC2B888001FA4FA /* UI */,
				C4F3C11E1FC5666D00779778 /* Tools */,
			);
			path = Base;
			sourceTree = "<group>";
		};
		C4875E911FC2B888001FA4FA /* UI */ = {
			isa = PBXGroup;
			children = (
				C4875E921FC2B8B5001FA4FA /* KLNavigationViewController.h */,
				C4875E931FC2B8B5001FA4FA /* KLNavigationViewController.m */,
				C4875E951FC2B926001FA4FA /* KLTabBarController.h */,
				C4875E961FC2B926001FA4FA /* KLTabBarController.m */,
				C430AABA1FC57B5500DAE495 /* KLTabBar.h */,
				C430AABB1FC57B5500DAE495 /* KLTabBar.m */,
			);
			path = UI;
			sourceTree = "<group>";
		};
		C4A1BF6A1FCFFD3F00C8DAE0 /* Controller */ = {
			isa = PBXGroup;
			children = (
				C4A1BF6F1FCFFD3F00C8DAE0 /* KLTopicViewController.h */,
				C4A1BF701FCFFD3F00C8DAE0 /* KLTopicViewController.m */,
				C4A1BF6B1FCFFD3F00C8DAE0 /* KLAllViewController.h */,
				C4A1BF6C1FCFFD3F00C8DAE0 /* KLAllViewController.m */,
				C4A1BF6D1FCFFD3F00C8DAE0 /* KLPictureViewController.h */,
				C4A1BF6E1FCFFD3F00C8DAE0 /* KLPictureViewController.m */,
				C4A1BF711FCFFD3F00C8DAE0 /* KLVideoViewController.h */,
				C4A1BF721FCFFD3F00C8DAE0 /* KLVideoViewController.m */,
				C4A1BF731FCFFD3F00C8DAE0 /* KLVoiceViewController.h */,
				C4A1BF741FCFFD3F00C8DAE0 /* KLVoiceViewController.m */,
				C4A1BF751FCFFD3F00C8DAE0 /* KLWordViewController.h */,
				C4A1BF761FCFFD3F00C8DAE0 /* KLWordViewController.m */,
			);
			path = Controller;
			sourceTree = "<group>";
		};
		C4A1BF771FCFFD3F00C8DAE0 /* Model */ = {
			isa = PBXGroup;
			children = (
			);
			path = Model;
			sourceTree = "<group>";
		};
		C4A1BF781FCFFD3F00C8DAE0 /* View */ = {
			isa = PBXGroup;
			children = (
				C4A1BF851FCFFD8700C8DAE0 /* KLOnlyTextTableViewCell.h */,
				C4A1BF861FCFFD8700C8DAE0 /* KLOnlyTextTableViewCell.m */,
			);
			path = View;
			sourceTree = "<group>";
		};
		C4AB8D681FC66F4000CD6238 /* Topic */ = {
			isa = PBXGroup;
			children = (
				C4A1BF6A1FCFFD3F00C8DAE0 /* Controller */,
				C4A1BF771FCFFD3F00C8DAE0 /* Model */,
				C4A1BF781FCFFD3F00C8DAE0 /* View */,
			);
			path = Topic;
			sourceTree = "<group>";
		};
		C4F3C11E1FC5666D00779778 /* Tools */ = {
			isa = PBXGroup;
			children = (
			);
			path = Tools;
			sourceTree = "<group>";
		};
/* End PBXGroup section */

/* Begin PBXNativeTarget section */
		C4875E4A1FC2A4E4001FA4FA /* 资讯类展示界面 */ = {
			isa = PBXNativeTarget;
			buildConfigurationList = C4875E611FC2A4E4001FA4FA /* Build configuration list for PBXNativeTarget "资讯类展示界面" */;
			buildPhases = (
				C4875E471FC2A4E4001FA4FA /* Sources */,
				C4875E481FC2A4E4001FA4FA /* Frameworks */,
				C4875E491FC2A4E4001FA4FA /* Resources */,
			);
			buildRules = (
			);
			dependencies = (
			);
			name = "资讯类展示界面";
			productName = "资讯类展示界面";
			productReference = C4875E4B1FC2A4E4001FA4FA /* 资讯类展示界面.app */;
			productType = "com.apple.product-type.application";
		};
		C4F3C1071FC5580000779778 /* PanPop2 */ = {
			isa = PBXNativeTarget;
			buildConfigurationList = C4F3C1191FC5580000779778 /* Build configuration list for PBXNativeTarget "PanPop2" */;
			buildPhases = (
				C4F3C1081FC5580000779778 /* Sources */,
				C4F3C1141FC5580000779778 /* Frameworks */,
				C4F3C1151FC5580000779778 /* Resources */,
			);
			buildRules = (
			);
			dependencies = (
			);
			name = PanPop2;
			productName = "资讯类展示界面";
			productReference = C4F3C11C1FC5580000779778 /* PanPop2.app */;
			productType = "com.apple.product-type.application";
		};
/* End PBXNativeTarget section */

/* Begin PBXProject section */
		C4875E431FC2A4E4001FA4FA /* Project object */ = {
			isa = PBXProject;
			attributes = {
				LastUpgradeCheck = 0900;
				ORGANIZATIONNAME = sober;
				TargetAttributes = {
					C4875E4A1FC2A4E4001FA4FA = {
						CreatedOnToolsVersion = 9.0;
						ProvisioningStyle = Automatic;
					};
					C4F3C1071FC5580000779778 = {
						ProvisioningStyle = Automatic;
					};
				};
			};
			buildConfigurationList = C4875E461FC2A4E4001FA4FA /* Build configuration list for PBXProject "资讯类展示界面" */;
			compatibilityVersion = "Xcode 8.0";
			developmentRegion = en;
			hasScannedForEncodings = 0;
			knownRegions = (
				en,
				Base,
			);
			mainGroup = C4875E421FC2A4E4001FA4FA;
			productRefGroup = C4875E4C1FC2A4E4001FA4FA /* Products */;
			projectDirPath = "";
			projectRoot = "";
			targets = (
				C4875E4A1FC2A4E4001FA4FA /* 资讯类展示界面 */,
				C4F3C1071FC5580000779778 /* PanPop2 */,
			);
		};
/* End PBXProject section */

/* Begin PBXResourcesBuildPhase section */
		C4875E491FC2A4E4001FA4FA /* Resources */ = {
			isa = PBXResourcesBuildPhase;
			buildActionMask = 2147483647;
			files = (
				C47C9B331FC3D3310010F661 /* LaunchScreen.storyboard in Resources */,
				C420C9291FC3F68A00743976 /* Assets.xcassets in Resources */,
				C47C9B341FC3D3310010F661 /* Main.storyboard in Resources */,
				C4E027AA1FDA72060055557E /* EssenceViewController.xib in Resources */,
			);
			runOnlyForDeploymentPostprocessing = 0;
		};
		C4F3C1151FC5580000779778 /* Resources */ = {
			isa = PBXResourcesBuildPhase;
			buildActionMask = 2147483647;
			files = (
				C4F3C1161FC5580000779778 /* LaunchScreen.storyboard in Resources */,
				C4F3C1171FC5580000779778 /* Assets.xcassets in Resources */,
				C4F3C1181FC5580000779778 /* Main.storyboard in Resources */,
				C4E027AB1FDA72060055557E /* EssenceViewController.xib in Resources */,
			);
			runOnlyForDeploymentPostprocessing = 0;
		};
/* End PBXResourcesBuildPhase section */

/* Begin PBXSourcesBuildPhase section */
		C4875E471FC2A4E4001FA4FA /* Sources */ = {
			isa = PBXSourcesBuildPhase;
			buildActionMask = 2147483647;
			files = (
				C46B08591FC42B5E00F031C7 /* EssenceDetailViewController.m in Sources */,
				C4A1BF791FCFFD3F00C8DAE0 /* KLAllViewController.m in Sources */,
				C47C9B2E1FC3D12D0010F661 /* AppDelegate.m in Sources */,
				C4A1BF831FCFFD3F00C8DAE0 /* KLWordViewController.m in Sources */,
				C4A1BF811FCFFD3F00C8DAE0 /* KLVoiceViewController.m in Sources */,
				C47C9B2C1FC3CF400010F661 /* main.m in Sources */,
				C430AAC11FC57FC000DAE495 /* UIView+frame.m in Sources */,
				C4B9CFDE1FDE8098003433BF /* UIScrollView+category.m in Sources */,
				C42F91511FCD615F0007971C /* KLConst.m in Sources */,
				C4A1BF7B1FCFFD3F00C8DAE0 /* KLPictureViewController.m in Sources */,
				C428E69A1FD92FC100F8DAC3 /* UIView+animation.m in Sources */,
				C4A1BF7F1FCFFD3F00C8DAE0 /* KLVideoViewController.m in Sources */,
				C430AABC1FC57B5500DAE495 /* KLTabBar.m in Sources */,
				C4B9CFE21FDE82BA003433BF /* UIBarButtonItem+item.m in Sources */,
				C4875E8F1FC2B77E001FA4FA /* MeViewController.m in Sources */,
				C4875E8C1FC2B770001FA4FA /* FrendTrendViewController.m in Sources */,
				C4875E891FC2B726001FA4FA /* PublishViewController.m in Sources */,
				C4A1BF871FCFFD8700C8DAE0 /* KLOnlyTextTableViewCell.m in Sources */,
				C4A1BF7D1FCFFD3F00C8DAE0 /* KLTopicViewController.m in Sources */,
				C4E027A71FDA6E130055557E /* TopicChildView.m in Sources */,
				C4E027A31FDA6DE80055557E /* TopicBarView.m in Sources */,
				C4875E861FC2B714001FA4FA /* NewViewController.m in Sources */,
				C4875E941FC2B8B5001FA4FA /* KLNavigationViewController.m in Sources */,
				C4875E971FC2B926001FA4FA /* KLTabBarController.m in Sources */,
				C4875E831FC2B603001FA4FA /* EssenceViewController.m in Sources */,
			);
			runOnlyForDeploymentPostprocessing = 0;
		};
		C4F3C1081FC5580000779778 /* Sources */ = {
			isa = PBXSourcesBuildPhase;
			buildActionMask = 2147483647;
			files = (
				C4F3C1091FC5580000779778 /* EssenceDetailViewController.m in Sources */,
				C4A1BF7A1FCFFD3F00C8DAE0 /* KLAllViewController.m in Sources */,
				C4F3C10A1FC5580000779778 /* AppDelegate.m in Sources */,
				C4A1BF841FCFFD3F00C8DAE0 /* KLWordViewController.m in Sources */,
				C4A1BF821FCFFD3F00C8DAE0 /* KLVoiceViewController.m in Sources */,
				C4F3C10B1FC5580000779778 /* main.m in Sources */,
				C430AAC21FC57FC000DAE495 /* UIView+frame.m in Sources */,
				C4B9CFDF1FDE8098003433BF /* UIScrollView+category.m in Sources */,
				C42F91521FCD615F0007971C /* KLConst.m in Sources */,
				C4A1BF7C1FCFFD3F00C8DAE0 /* KLPictureViewController.m in Sources */,
				C428E69B1FD92FC100F8DAC3 /* UIView+animation.m in Sources */,
				C4A1BF801FCFFD3F00C8DAE0 /* KLVideoViewController.m in Sources */,
				C430AABD1FC57B5500DAE495 /* KLTabBar.m in Sources */,
				C4B9CFE31FDE82BA003433BF /* UIBarButtonItem+item.m in Sources */,
				C4F3C10C1FC5580000779778 /* MeViewController.m in Sources */,
				C4F3C10D1FC5580000779778 /* FrendTrendViewController.m in Sources */,
				C4F3C10E1FC5580000779778 /* PublishViewController.m in Sources */,
				C4A1BF881FCFFD8700C8DAE0 /* KLOnlyTextTableViewCell.m in Sources */,
				C4A1BF7E1FCFFD3F00C8DAE0 /* KLTopicViewController.m in Sources */,
				C4E027A81FDA6E130055557E /* TopicChildView.m in Sources */,
				C4E027A41FDA6DE80055557E /* TopicBarView.m in Sources */,
				C4F3C1101FC5580000779778 /* NewViewController.m in Sources */,
				C4F3C1111FC5580000779778 /* KLNavigationViewController.m in Sources */,
				C4F3C1121FC5580000779778 /* KLTabBarController.m in Sources */,
				C4F3C1131FC5580000779778 /* EssenceViewController.m in Sources */,
			);
			runOnlyForDeploymentPostprocessing = 0;
		};
/* End PBXSourcesBuildPhase section */

/* Begin PBXVariantGroup section */
		C47C9B2F1FC3D3310010F661 /* LaunchScreen.storyboard */ = {
			isa = PBXVariantGroup;
			children = (
				C47C9B301FC3D3310010F661 /* Base */,
			);
			name = LaunchScreen.storyboard;
			sourceTree = "<group>";
		};
		C47C9B311FC3D3310010F661 /* Main.storyboard */ = {
			isa = PBXVariantGroup;
			children = (
				C47C9B321FC3D3310010F661 /* Base */,
			);
			name = Main.storyboard;
			sourceTree = "<group>";
		};
/* End PBXVariantGroup section */

/* Begin XCBuildConfiguration section */
		C4875E5F1FC2A4E4001FA4FA /* Debug */ = {
			isa = XCBuildConfiguration;
			buildSettings = {
				ALWAYS_SEARCH_USER_PATHS = NO;
				CLANG_ANALYZER_NONNULL = YES;
				CLANG_ANALYZER_NUMBER_OBJECT_CONVERSION = YES_AGGRESSIVE;
				CLANG_CXX_LANGUAGE_STANDARD = "gnu++14";
				CLANG_CXX_LIBRARY = "libc++";
				CLANG_ENABLE_MODULES = YES;
				CLANG_ENABLE_OBJC_ARC = YES;
				CLANG_WARN_BLOCK_CAPTURE_AUTORELEASING = YES;
				CLANG_WARN_BOOL_CONVERSION = YES;
				CLANG_WARN_COMMA = YES;
				CLANG_WARN_CONSTANT_CONVERSION = YES;
				CLANG_WARN_DIRECT_OBJC_ISA_USAGE = YES_ERROR;
				CLANG_WARN_DOCUMENTATION_COMMENTS = YES;
				CLANG_WARN_EMPTY_BODY = YES;
				CLANG_WARN_ENUM_CONVERSION = YES;
				CLANG_WARN_INFINITE_RECURSION = YES;
				CLANG_WARN_INT_CONVERSION = YES;
				CLANG_WARN_NON_LITERAL_NULL_CONVERSION = YES;
				CLANG_WARN_OBJC_LITERAL_CONVERSION = YES;
				CLANG_WARN_OBJC_ROOT_CLASS = YES_ERROR;
				CLANG_WARN_RANGE_LOOP_ANALYSIS = YES;
				CLANG_WARN_STRICT_PROTOTYPES = YES;
				CLANG_WARN_SUSPICIOUS_MOVE = YES;
				CLANG_WARN_UNGUARDED_AVAILABILITY = YES_AGGRESSIVE;
				CLANG_WARN_UNREACHABLE_CODE = YES;
				CLANG_WARN__DUPLICATE_METHOD_MATCH = YES;
				CODE_SIGN_IDENTITY = "iPhone Developer";
				COPY_PHASE_STRIP = NO;
				DEBUG_INFORMATION_FORMAT = dwarf;
				ENABLE_STRICT_OBJC_MSGSEND = YES;
				ENABLE_TESTABILITY = YES;
				GCC_C_LANGUAGE_STANDARD = gnu11;
				GCC_DYNAMIC_NO_PIC = NO;
				GCC_NO_COMMON_BLOCKS = YES;
				GCC_OPTIMIZATION_LEVEL = 0;
				GCC_PREPROCESSOR_DEFINITIONS = (
					"DEBUG=1",
					"$(inherited)",
				);
				GCC_WARN_64_TO_32_BIT_CONVERSION = YES;
				GCC_WARN_ABOUT_RETURN_TYPE = YES_ERROR;
				GCC_WARN_UNDECLARED_SELECTOR = YES;
				GCC_WARN_UNINITIALIZED_AUTOS = YES_AGGRESSIVE;
				GCC_WARN_UNUSED_FUNCTION = YES;
				GCC_WARN_UNUSED_VARIABLE = YES;
				IPHONEOS_DEPLOYMENT_TARGET = 11.0;
				MTL_ENABLE_DEBUG_INFO = YES;
				ONLY_ACTIVE_ARCH = YES;
				SDKROOT = iphoneos;
			};
			name = Debug;
		};
		C4875E601FC2A4E4001FA4FA /* Release */ = {
			isa = XCBuildConfiguration;
			buildSettings = {
				ALWAYS_SEARCH_USER_PATHS = NO;
				CLANG_ANALYZER_NONNULL = YES;
				CLANG_ANALYZER_NUMBER_OBJECT_CONVERSION = YES_AGGRESSIVE;
				CLANG_CXX_LANGUAGE_STANDARD = "gnu++14";
				CLANG_CXX_LIBRARY = "libc++";
				CLANG_ENABLE_MODULES = YES;
				CLANG_ENABLE_OBJC_ARC = YES;
				CLANG_WARN_BLOCK_CAPTURE_AUTORELEASING = YES;
				CLANG_WARN_BOOL_CONVERSION = YES;
				CLANG_WARN_COMMA = YES;
				CLANG_WARN_CONSTANT_CONVERSION = YES;
				CLANG_WARN_DIRECT_OBJC_ISA_USAGE = YES_ERROR;
				CLANG_WARN_DOCUMENTATION_COMMENTS = YES;
				CLANG_WARN_EMPTY_BODY = YES;
				CLANG_WARN_ENUM_CONVERSION = YES;
				CLANG_WARN_INFINITE_RECURSION = YES;
				CLANG_WARN_INT_CONVERSION = YES;
				CLANG_WARN_NON_LITERAL_NULL_CONVERSION = YES;
				CLANG_WARN_OBJC_LITERAL_CONVERSION = YES;
				CLANG_WARN_OBJC_ROOT_CLASS = YES_ERROR;
				CLANG_WARN_RANGE_LOOP_ANALYSIS = YES;
				CLANG_WARN_STRICT_PROTOTYPES = YES;
				CLANG_WARN_SUSPICIOUS_MOVE = YES;
				CLANG_WARN_UNGUARDED_AVAILABILITY = YES_AGGRESSIVE;
				CLANG_WARN_UNREACHABLE_CODE = YES;
				CLANG_WARN__DUPLICATE_METHOD_MATCH = YES;
				CODE_SIGN_IDENTITY = "iPhone Developer";
				COPY_PHASE_STRIP = NO;
				DEBUG_INFORMATION_FORMAT = "dwarf-with-dsym";
				ENABLE_NS_ASSERTIONS = NO;
				ENABLE_STRICT_OBJC_MSGSEND = YES;
				GCC_C_LANGUAGE_STANDARD = gnu11;
				GCC_NO_COMMON_BLOCKS = YES;
				GCC_WARN_64_TO_32_BIT_CONVERSION = YES;
				GCC_WARN_ABOUT_RETURN_TYPE = YES_ERROR;
				GCC_WARN_UNDECLARED_SELECTOR = YES;
				GCC_WARN_UNINITIALIZED_AUTOS = YES_AGGRESSIVE;
				GCC_WARN_UNUSED_FUNCTION = YES;
				GCC_WARN_UNUSED_VARIABLE = YES;
				IPHONEOS_DEPLOYMENT_TARGET = 11.0;
				MTL_ENABLE_DEBUG_INFO = NO;
				SDKROOT = iphoneos;
				VALIDATE_PRODUCT = YES;
			};
			name = Release;
		};
		C4875E621FC2A4E4001FA4FA /* Debug */ = {
			isa = XCBuildConfiguration;
			buildSettings = {
				ASSETCATALOG_COMPILER_APPICON_NAME = AppIcon;
				ASSETCATALOG_COMPILER_LAUNCHIMAGE_NAME = KLLaunchImage;
				CODE_SIGN_STYLE = Automatic;
				DEVELOPMENT_TEAM = 7DB9K56RAA;
				GCC_PREFIX_HEADER = "资讯类展示界面/Other/PrefixHeader.pch";
				INFOPLIST_FILE = "资讯类展示界面/Other/Info.plist";
				IPHONEOS_DEPLOYMENT_TARGET = 8.0;
				LD_RUNPATH_SEARCH_PATHS = "$(inherited) @executable_path/Frameworks";
				OTHER_CFLAGS = "-DPOP1";
				PRODUCT_BUNDLE_IDENTIFIER = "AIA.-------";
				PRODUCT_NAME = "$(TARGET_NAME)";
				TARGETED_DEVICE_FAMILY = 1;
			};
			name = Debug;
		};
		C4875E631FC2A4E4001FA4FA /* Release */ = {
			isa = XCBuildConfiguration;
			buildSettings = {
				ASSETCATALOG_COMPILER_APPICON_NAME = AppIcon;
				ASSETCATALOG_COMPILER_LAUNCHIMAGE_NAME = KLLaunchImage;
				CODE_SIGN_STYLE = Automatic;
				DEVELOPMENT_TEAM = 7DB9K56RAA;
				GCC_PREFIX_HEADER = "资讯类展示界面/Other/PrefixHeader.pch";
				INFOPLIST_FILE = "资讯类展示界面/Other/Info.plist";
				IPHONEOS_DEPLOYMENT_TARGET = 8.0;
				LD_RUNPATH_SEARCH_PATHS = "$(inherited) @executable_path/Frameworks";
				OTHER_CFLAGS = "-DPOP1";
				PRODUCT_BUNDLE_IDENTIFIER = "AIA.-------";
				PRODUCT_NAME = "$(TARGET_NAME)";
				TARGETED_DEVICE_FAMILY = 1;
			};
			name = Release;
		};
		C4F3C11A1FC5580000779778 /* Debug */ = {
			isa = XCBuildConfiguration;
			buildSettings = {
				ASSETCATALOG_COMPILER_APPICON_NAME = AppIcon;
				ASSETCATALOG_COMPILER_LAUNCHIMAGE_NAME = KLLaunchImage;
				CODE_SIGN_STYLE = Automatic;
				DEVELOPMENT_TEAM = 7DB9K56RAA;
				INFOPLIST_FILE = "资讯类展示界面 copy-Info.plist";
				IPHONEOS_DEPLOYMENT_TARGET = 8.0;
				LD_RUNPATH_SEARCH_PATHS = "$(inherited) @executable_path/Frameworks";
				OTHER_CFLAGS = "-DPOP2";
				PRODUCT_BUNDLE_IDENTIFIER = "AIA.-------";
				PRODUCT_NAME = "$(TARGET_NAME)";
				TARGETED_DEVICE_FAMILY = 1;
			};
			name = Debug;
		};
		C4F3C11B1FC5580000779778 /* Release */ = {
			isa = XCBuildConfiguration;
			buildSettings = {
				ASSETCATALOG_COMPILER_APPICON_NAME = AppIcon;
				ASSETCATALOG_COMPILER_LAUNCHIMAGE_NAME = KLLaunchImage;
				CODE_SIGN_STYLE = Automatic;
				DEVELOPMENT_TEAM = 7DB9K56RAA;
				INFOPLIST_FILE = "资讯类展示界面 copy-Info.plist";
				IPHONEOS_DEPLOYMENT_TARGET = 8.0;
				LD_RUNPATH_SEARCH_PATHS = "$(inherited) @executable_path/Frameworks";
				OTHER_CFLAGS = "-DPOP2";
				PRODUCT_BUNDLE_IDENTIFIER = "AIA.-------";
				PRODUCT_NAME = "$(TARGET_NAME)";
				TARGETED_DEVICE_FAMILY = 1;
			};
			name = Release;
		};
/* End XCBuildConfiguration section */

/* Begin XCConfigurationList section */
		C4875E461FC2A4E4001FA4FA /* Build configuration list for PBXProject "资讯类展示界面" */ = {
			isa = XCConfigurationList;
			buildConfigurations = (
				C4875E5F1FC2A4E4001FA4FA /* Debug */,
				C4875E601FC2A4E4001FA4FA /* Release */,
			);
			defaultConfigurationIsVisible = 0;
			defaultConfigurationName = Release;
		};
		C4875E611FC2A4E4001FA4FA /* Build configuration list for PBXNativeTarget "资讯类展示界面" */ = {
			isa = XCConfigurationList;
			buildConfigurations = (
				C4875E621FC2A4E4001FA4FA /* Debug */,
				C4875E631FC2A4E4001FA4FA /* Release */,
			);
			defaultConfigurationIsVisible = 0;
			defaultConfigurationName = Release;
		};
		C4F3C1191FC5580000779778 /* Build configuration list for PBXNativeTarget "PanPop2" */ = {
			isa = XCConfigurationList;
			buildConfigurations = (
				C4F3C11A1FC5580000779778 /* Debug */,
				C4F3C11B1FC5580000779778 /* Release */,
			);
			defaultConfigurationIsVisible = 0;
			defaultConfigurationName = Release;
		};
/* End XCConfigurationList section */
	};
	rootObject = C4875E431FC2A4E4001FA4FA /* Project object */;
}
